
Microsoft Visual Studio Solution File, Format Version 12.00
# Visual Studio 15
VisualStudioVersion = 15.0.28307.168
MinimumVisualStudioVersion = 10.0.40219.1
Project("{9A19103F-16F7-4668-BE54-9A1E7A4F7556}") = "EFCoreApp", "EFCoreApp.csproj", "{35945F39-C213-4E19-BEDD-E80D5FD53176}"
EndProject
Project("{FAE04EC0-301F-11D3-BF4B-00C04F79EFBC}") = "FlightAPI", "..\Users\Nestor\source\repos\FlightAPI\FlightAPI.csproj", "{80090298-5E45-4746-85A1-224C9577E473}"
EndProject
Global
	GlobalSection(SolutionConfigurationPlatforms) = preSolution
		Debug|Any CPU = Debug|Any CPU
		Release|Any CPU = Release|Any CPU
	EndGlobalSection
	GlobalSection(ProjectConfigurationPlatforms) = postSolution
		{35945F39-C213-4E19-BEDD-E80D5FD53176}.Debug|Any CPU.ActiveCfg = Debug|Any CPU
		{35945F39-C213-4E19-BEDD-E80D5FD53176}.Debug|Any CPU.Build.0 = Debug|Any CPU
		{35945F39-C213-4E19-BEDD-E80D5FD53176}.Release|Any CPU.ActiveCfg = Release|Any CPU
		{35945F39-C213-4E19-BEDD-E80D5FD53176}.Release|Any CPU.Build.0 = Release|Any CPU
		{80090298-5E45-4746-85A1-224C9577E473}.Debug|Any CPU.ActiveCfg = Debug|Any CPU
		{80090298-5E45-4746-85A1-224C9577E473}.Debug|Any CPU.Build.0 = Debug|Any CPU
		{80090298-5E45-4746-85A1-224C9577E473}.Release|Any CPU.ActiveCfg = Release|Any CPU
		{80090298-5E45-4746-85A1-224C9577E473}.Release|Any CPU.Build.0 = Release|Any CPU
	EndGlobalSection
	GlobalSection(SolutionProperties) = preSolution
		HideSolutionNode = FALSE
	EndGlobalSection
	GlobalSection(ExtensibilityGlobals) = postSolution
		SolutionGuid = {25D72B34-9EB9-4395-93E0-A5B1B83A9CEE}
	EndGlobalSection
EndGlobal
